{
  "name": "osumep-random-str-msg",
  "version": "1.0.0",
  "lockfileVersion": 3,
  "requires": true,
  "packages": {
    "": {
      "name": "osumep-random-str-msg",
      "version": "1.0.0",
      "license": "MIT",
      "bin": {
        "osumep-random-str-msg": "bin/global.js"
      }
    }
  }
}
